
Microsoft Visual Studio Solution File, Format Version 12.00
# Visual Studio Version 17
VisualStudioVersion = 17.0.31903.59
MinimumVisualStudioVersion = 10.0.40219.1
Project("{9A19103F-16F7-4668-BE54-9A1E7A4F7556}") = "AdventureMaker", "AdventureMaker\AdventureMaker.csproj", "{12D2A933-BA3B-4C31-92DA-E1F3A19B14B5}"
EndProject
Project("{FAE04EC0-301F-11D3-BF4B-00C04F79EFBC}") = "AdventureCore", "AdventureCore\AdventureCore.csproj", "{681F4CF8-F055-4517-8D18-FD855648B270}"
EndProject
Project("{FAE04EC0-301F-11D3-BF4B-00C04F79EFBC}") = "AdventurePlayer", "AdventurePlayer\AdventurePlayer.csproj", "{A99C90E8-5292-457E-AF72-B36BA97DE3EB}"
EndProject
Global
	GlobalSection(SolutionConfigurationPlatforms) = preSolution
		Debug|Any CPU = Debug|Any CPU
		Release|Any CPU = Release|Any CPU
	EndGlobalSection
	GlobalSection(ProjectConfigurationPlatforms) = postSolution
		{12D2A933-BA3B-4C31-92DA-E1F3A19B14B5}.Debug|Any CPU.ActiveCfg = Debug|Any CPU
		{12D2A933-BA3B-4C31-92DA-E1F3A19B14B5}.Debug|Any CPU.Build.0 = Debug|Any CPU
		{12D2A933-BA3B-4C31-92DA-E1F3A19B14B5}.Release|Any CPU.ActiveCfg = Release|Any CPU
		{12D2A933-BA3B-4C31-92DA-E1F3A19B14B5}.Release|Any CPU.Build.0 = Release|Any CPU
		{681F4CF8-F055-4517-8D18-FD855648B270}.Debug|Any CPU.ActiveCfg = Debug|Any CPU
		{681F4CF8-F055-4517-8D18-FD855648B270}.Debug|Any CPU.Build.0 = Debug|Any CPU
		{681F4CF8-F055-4517-8D18-FD855648B270}.Release|Any CPU.ActiveCfg = Release|Any CPU
		{681F4CF8-F055-4517-8D18-FD855648B270}.Release|Any CPU.Build.0 = Release|Any CPU
		{A99C90E8-5292-457E-AF72-B36BA97DE3EB}.Debug|Any CPU.ActiveCfg = Debug|Any CPU
		{A99C90E8-5292-457E-AF72-B36BA97DE3EB}.Debug|Any CPU.Build.0 = Debug|Any CPU
		{A99C90E8-5292-457E-AF72-B36BA97DE3EB}.Release|Any CPU.ActiveCfg = Release|Any CPU
		{A99C90E8-5292-457E-AF72-B36BA97DE3EB}.Release|Any CPU.Build.0 = Release|Any CPU
	EndGlobalSection
	GlobalSection(SolutionProperties) = preSolution
		HideSolutionNode = FALSE
	EndGlobalSection
	GlobalSection(ExtensibilityGlobals) = postSolution
		SolutionGuid = {6021560A-6E22-4B2D-9168-63C9A0104246}
	EndGlobalSection
EndGlobal
